// !$*UTF8*$!
{
	archiveVersion = 1;
	classes = {
	};
	objectVersion = 56;
	objects = {

/* Begin PBXBuildFile section */
		F83059E02B5A36BA00CD8A7F /* AppDelegate.swift in Sources */ = {isa = PBXBuildFile; fileRef = F83059DF2B5A36BA00CD8A7F /* AppDelegate.swift */; };
		F83059E22B5A36BA00CD8A7F /* SceneDelegate.swift in Sources */ = {isa = PBXBuildFile; fileRef = F83059E12B5A36BA00CD8A7F /* SceneDelegate.swift */; };
		F83059E42B5A36BA00CD8A7F /* ViewController.swift in Sources */ = {isa = PBXBuildFile; fileRef = F83059E32B5A36BA00CD8A7F /* ViewController.swift */; };
		F83059E72B5A36BA00CD8A7F /* Main.storyboard in Resources */ = {isa = PBXBuildFile; fileRef = F83059E52B5A36BA00CD8A7F /* Main.storyboard */; };
		F83059E92B5A36BB00CD8A7F /* Assets.xcassets in Resources */ = {isa = PBXBuildFile; fileRef = F83059E82B5A36BB00CD8A7F /* Assets.xcassets */; };
		F83059EC2B5A36BB00CD8A7F /* LaunchScreen.storyboard in Resources */ = {isa = PBXBuildFile; fileRef = F83059EA2B5A36BB00CD8A7F /* LaunchScreen.storyboard */; };
		F83059F42B5C900700CD8A7F /* level1.txt in Resources */ = {isa = PBXBuildFile; fileRef = F83059F32B5C900600CD8A7F /* level1.txt */; };
		F83059F62B5C900D00CD8A7F /* level2.txt in Resources */ = {isa = PBXBuildFile; fileRef = F83059F52B5C900D00CD8A7F /* level2.txt */; };
/* End PBXBuildFile section */

/* Begin PBXFileReference section */
		F83059DC2B5A36BA00CD8A7F /* Project8.app */ = {isa = PBXFileReference; explicitFileType = wrapper.application; includeInIndex = 0; path = Project8.app; sourceTree = BUILT_PRODUCTS_DIR; };
		F83059DF2B5A36BA00CD8A7F /* AppDelegate.swift */ = {isa = PBXFileReference; lastKnownFileType = sourcecode.swift; path = AppDelegate.swift; sourceTree = "<group>"; };
		F83059E12B5A36BA00CD8A7F /* SceneDelegate.swift */ = {isa = PBXFileReference; lastKnownFileType = sourcecode.swift; path = SceneDelegate.swift; sourceTree = "<group>"; };
		F83059E32B5A36BA00CD8A7F /* ViewController.swift */ = {isa = PBXFileReference; indentWidth = 3; lastKnownFileType = sourcecode.swift; path = ViewController.swift; sourceTree = "<group>"; };
		F83059E62B5A36BA00CD8A7F /* Base */ = {isa = PBXFileReference; lastKnownFileType = file.storyboard; name = Base; path = Base.lproj/Main.storyboard; sourceTree = "<group>"; };
		F83059E82B5A36BB00CD8A7F /* Assets.xcassets */ = {isa = PBXFileReference; lastKnownFileType = folder.assetcatalog; path = Assets.xcassets; sourceTree = "<group>"; };
		F83059EB2B5A36BB00CD8A7F /* Base */ = {isa = PBXFileReference; lastKnownFileType = file.storyboard; name = Base; path = Base.lproj/LaunchScreen.storyboard; sourceTree = "<group>"; };
		F83059ED2B5A36BB00CD8A7F /* Info.plist */ = {isa = PBXFileReference; lastKnownFileType = text.plist.xml; path = Info.plist; sourceTree = "<group>"; };
		F83059F32B5C900600CD8A7F /* level1.txt */ = {isa = PBXFileReference; fileEncoding = 4; lastKnownFileType = text; path = level1.txt; sourceTree = "<group>"; };
		F83059F52B5C900D00CD8A7F /* level2.txt */ = {isa = PBXFileReference; fileEncoding = 4; lastKnownFileType = text; path = level2.txt; sourceTree = "<group>"; };
/* End PBXFileReference section */

/* Begin PBXFrameworksBuildPhase section */
		F83059D92B5A36BA00CD8A7F /* Frameworks */ = {
			isa = PBXFrameworksBuildPhase;
			buildActionMask = 2147483647;
			files = (
			);
			runOnlyForDeploymentPostprocessing = 0;
		};
/* End PBXFrameworksBuildPhase section */

/* Begin PBXGroup section */
		F83059D32B5A36BA00CD8A7F = {
			isa = PBXGroup;
			children = (
				F83059DE2B5A36BA00CD8A7F /* Project8 */,
				F83059DD2B5A36BA00CD8A7F /* Products */,
			);
			sourceTree = "<group>";
		};
		F83059DD2B5A36BA00CD8A7F /* Products */ = {
			isa = PBXGroup;
			children = (
				F83059DC2B5A36BA00CD8A7F /* Project8.app */,
			);
			name = Products;
			sourceTree = "<group>";
		};
		F83059DE2B5A36BA00CD8A7F /* Project8 */ = {
			isa = PBXGroup;
			children = (
				F83059DF2B5A36BA00CD8A7F /* AppDelegate.swift */,
				F83059E12B5A36BA00CD8A7F /* SceneDelegate.swift */,
				F83059E32B5A36BA00CD8A7F /* ViewController.swift */,
				F83059E52B5A36BA00CD8A7F /* Main.storyboard */,
				F83059E82B5A36BB00CD8A7F /* Assets.xcassets */,
				F83059EA2B5A36BB00CD8A7F /* LaunchScreen.storyboard */,
				F83059ED2B5A36BB00CD8A7F /* Info.plist */,
				F83059F32B5C900600CD8A7F /* level1.txt */,
				F83059F52B5C900D00CD8A7F /* level2.txt */,
			);
			path = Project8;
			sourceTree = "<group>";
		};
/* End PBXGroup section */

/* Begin PBXNativeTarget section */
		F83059DB2B5A36BA00CD8A7F /* Project8 */ = {
			isa = PBXNativeTarget;
			buildConfigurationList = F83059F02B5A36BB00CD8A7F /* Build configuration list for PBXNativeTarget "Project8" */;
			buildPhases = (
				F83059D82B5A36BA00CD8A7F /* Sources */,
				F83059D92B5A36BA00CD8A7F /* Frameworks */,
				F83059DA2B5A36BA00CD8A7F /* Resources */,
			);
			buildRules = (
			);
			dependencies = (
			);
			name = Project8;
			productName = Project8;
			productReference = F83059DC2B5A36BA00CD8A7F /* Project8.app */;
			productType = "com.apple.product-type.application";
		};
/* End PBXNativeTarget section */

/* Begin PBXProject section */
		F83059D42B5A36BA00CD8A7F /* Project object */ = {
			isa = PBXProject;
			attributes = {
				BuildIndependentTargetsInParallel = 1;
				LastSwiftUpdateCheck = 1430;
				LastUpgradeCheck = 1430;
				TargetAttributes = {
					F83059DB2B5A36BA00CD8A7F = {
						CreatedOnToolsVersion = 14.3.1;
					};
				};
			};
			buildConfigurationList = F83059D72B5A36BA00CD8A7F /* Build configuration list for PBXProject "Project8" */;
			compatibilityVersion = "Xcode 14.0";
			developmentRegion = en;
			hasScannedForEncodings = 0;
			knownRegions = (
				en,
				Base,
			);
			mainGroup = F83059D32B5A36BA00CD8A7F;
			productRefGroup = F83059DD2B5A36BA00CD8A7F /* Products */;
			projectDirPath = "";
			projectRoot = "";
			targets = (
				F83059DB2B5A36BA00CD8A7F /* Project8 */,
			);
		};
/* End PBXProject section */

/* Begin PBXResourcesBuildPhase section */
		F83059DA2B5A36BA00CD8A7F /* Resources */ = {
			isa = PBXResourcesBuildPhase;
			buildActionMask = 2147483647;
			files = (
				F83059F62B5C900D00CD8A7F /* level2.txt in Resources */,
				F83059EC2B5A36BB00CD8A7F /* LaunchScreen.storyboard in Resources */,
				F83059F42B5C900700CD8A7F /* level1.txt in Resources */,
				F83059E92B5A36BB00CD8A7F /* Assets.xcassets in Resources */,
				F83059E72B5A36BA00CD8A7F /* Main.storyboard in Resources */,
			);
			runOnlyForDeploymentPostprocessing = 0;
		};
/* End PBXResourcesBuildPhase section */

/* Begin PBXSourcesBuildPhase section */
		F83059D82B5A36BA00CD8A7F /* Sources */ = {
			isa = PBXSourcesBuildPhase;
			buildActionMask = 2147483647;
			files = (
				F83059E42B5A36BA00CD8A7F /* ViewController.swift in Sources */,
				F83059E02B5A36BA00CD8A7F /* AppDelegate.swift in Sources */,
				F83059E22B5A36BA00CD8A7F /* SceneDelegate.swift in Sources */,
			);
			runOnlyForDeploymentPostprocessing = 0;
		};
/* End PBXSourcesBuildPhase section */

/* Begin PBXVariantGroup section */
		F83059E52B5A36BA00CD8A7F /* Main.storyboard */ = {
			isa = PBXVariantGroup;
			children = (
				F83059E62B5A36BA00CD8A7F /* Base */,
			);
			name = Main.storyboard;
			sourceTree = "<group>";
		};
		F83059EA2B5A36BB00CD8A7F /* LaunchScreen.storyboard */ = {
			isa = PBXVariantGroup;
			children = (
				F83059EB2B5A36BB00CD8A7F /* Base */,
			);
			name = LaunchScreen.storyboard;
			sourceTree = "<group>";
		};
/* End PBXVariantGroup section */

/* Begin XCBuildConfiguration section */
		F83059EE2B5A36BB00CD8A7F /* Debug */ = {
			isa = XCBuildConfiguration;
			buildSettings = {
				ALWAYS_SEARCH_USER_PATHS = NO;
				CLANG_ANALYZER_NONNULL = YES;
				CLANG_ANALYZER_NUMBER_OBJECT_CONVERSION = YES_AGGRESSIVE;
				CLANG_CXX_LANGUAGE_STANDARD = "gnu++20";
				CLANG_ENABLE_MODULES = YES;
				CLANG_ENABLE_OBJC_ARC = YES;
				CLANG_ENABLE_OBJC_WEAK = YES;
				CLANG_WARN_BLOCK_CAPTURE_AUTORELEASING = YES;
				CLANG_WARN_BOOL_CONVERSION = YES;
				CLANG_WARN_COMMA = YES;
				CLANG_WARN_CONSTANT_CONVERSION = YES;
				CLANG_WARN_DEPRECATED_OBJC_IMPLEMENTATIONS = YES;
				CLANG_WARN_DIRECT_OBJC_ISA_USAGE = YES_ERROR;
				CLANG_WARN_DOCUMENTATION_COMMENTS = YES;
				CLANG_WARN_EMPTY_BODY = YES;
				CLANG_WARN_ENUM_CONVERSION = YES;
				CLANG_WARN_INFINITE_RECURSION = YES;
				CLANG_WARN_INT_CONVERSION = YES;
				CLANG_WARN_NON_LITERAL_NULL_CONVERSION = YES;
				CLANG_WARN_OBJC_IMPLICIT_RETAIN_SELF = YES;
				CLANG_WARN_OBJC_LITERAL_CONVERSION = YES;
				CLANG_WARN_OBJC_ROOT_CLASS = YES_ERROR;
				CLANG_WARN_QUOTED_INCLUDE_IN_FRAMEWORK_HEADER = YES;
				CLANG_WARN_RANGE_LOOP_ANALYSIS = YES;
				CLANG_WARN_STRICT_PROTOTYPES = YES;
				CLANG_WARN_SUSPICIOUS_MOVE = YES;
				CLANG_WARN_UNGUARDED_AVAILABILITY = YES_AGGRESSIVE;
				CLANG_WARN_UNREACHABLE_CODE = YES;
				CLANG_WARN__DUPLICATE_METHOD_MATCH = YES;
				COPY_PHASE_STRIP = NO;
				DEBUG_INFORMATION_FORMAT = dwarf;
				ENABLE_STRICT_OBJC_MSGSEND = YES;
				ENABLE_TESTABILITY = YES;
				GCC_C_LANGUAGE_STANDARD = gnu11;
				GCC_DYNAMIC_NO_PIC = NO;
				GCC_NO_COMMON_BLOCKS = YES;
				GCC_OPTIMIZATION_LEVEL = 0;
				GCC_PREPROCESSOR_DEFINITIONS = (
					"DEBUG=1",
					"$(inherited)",
				);
				GCC_WARN_64_TO_32_BIT_CONVERSION = YES;
				GCC_WARN_ABOUT_RETURN_TYPE = YES_ERROR;
				GCC_WARN_UNDECLARED_SELECTOR = YES;
				GCC_WARN_UNINITIALIZED_AUTOS = YES_AGGRESSIVE;
				GCC_WARN_UNUSED_FUNCTION = YES;
				GCC_WARN_UNUSED_VARIABLE = YES;
				IPHONEOS_DEPLOYMENT_TARGET = 16.4;
				MTL_ENABLE_DEBUG_INFO = INCLUDE_SOURCE;
				MTL_FAST_MATH = YES;
				ONLY_ACTIVE_ARCH = YES;
				SDKROOT = iphoneos;
				SWIFT_ACTIVE_COMPILATION_CONDITIONS = DEBUG;
				SWIFT_OPTIMIZATION_LEVEL = "-Onone";
			};
			name = Debug;
		};
		F83059EF2B5A36BB00CD8A7F /* Release */ = {
			isa = XCBuildConfiguration;
			buildSettings = {
				ALWAYS_SEARCH_USER_PATHS = NO;
				CLANG_ANALYZER_NONNULL = YES;
				CLANG_ANALYZER_NUMBER_OBJECT_CONVERSION = YES_AGGRESSIVE;
				CLANG_CXX_LANGUAGE_STANDARD = "gnu++20";
				CLANG_ENABLE_MODULES = YES;
				CLANG_ENABLE_OBJC_ARC = YES;
				CLANG_ENABLE_OBJC_WEAK = YES;
				CLANG_WARN_BLOCK_CAPTURE_AUTORELEASING = YES;
				CLANG_WARN_BOOL_CONVERSION = YES;
				CLANG_WARN_COMMA = YES;
				CLANG_WARN_CONSTANT_CONVERSION = YES;
				CLANG_WARN_DEPRECATED_OBJC_IMPLEMENTATIONS = YES;
				CLANG_WARN_DIRECT_OBJC_ISA_USAGE = YES_ERROR;
				CLANG_WARN_DOCUMENTATION_COMMENTS = YES;
				CLANG_WARN_EMPTY_BODY = YES;
				CLANG_WARN_ENUM_CONVERSION = YES;
				CLANG_WARN_INFINITE_RECURSION = YES;
				CLANG_WARN_INT_CONVERSION = YES;
				CLANG_WARN_NON_LITERAL_NULL_CONVERSION = YES;
				CLANG_WARN_OBJC_IMPLICIT_RETAIN_SELF = YES;
				CLANG_WARN_OBJC_LITERAL_CONVERSION = YES;
				CLANG_WARN_OBJC_ROOT_CLASS = YES_ERROR;
				CLANG_WARN_QUOTED_INCLUDE_IN_FRAMEWORK_HEADER = YES;
				CLANG_WARN_RANGE_LOOP_ANALYSIS = YES;
				CLANG_WARN_STRICT_PROTOTYPES = YES;
				CLANG_WARN_SUSPICIOUS_MOVE = YES;
				CLANG_WARN_UNGUARDED_AVAILABILITY = YES_AGGRESSIVE;
				CLANG_WARN_UNREACHABLE_CODE = YES;
				CLANG_WARN__DUPLICATE_METHOD_MATCH = YES;
				COPY_PHASE_STRIP = NO;
				DEBUG_INFORMATION_FORMAT = "dwarf-with-dsym";
				ENABLE_NS_ASSERTIONS = NO;
				ENABLE_STRICT_OBJC_MSGSEND = YES;
				GCC_C_LANGUAGE_STANDARD = gnu11;
				GCC_NO_COMMON_BLOCKS = YES;
				GCC_WARN_64_TO_32_BIT_CONVERSION = YES;
				GCC_WARN_ABOUT_RETURN_TYPE = YES_ERROR;
				GCC_WARN_UNDECLARED_SELECTOR = YES;
				GCC_WARN_UNINITIALIZED_AUTOS = YES_AGGRESSIVE;
				GCC_WARN_UNUSED_FUNCTION = YES;
				GCC_WARN_UNUSED_VARIABLE = YES;
				IPHONEOS_DEPLOYMENT_TARGET = 16.4;
				MTL_ENABLE_DEBUG_INFO = NO;
				MTL_FAST_MATH = YES;
				SDKROOT = iphoneos;
				SWIFT_COMPILATION_MODE = wholemodule;
				SWIFT_OPTIMIZATION_LEVEL = "-O";
				VALIDATE_PRODUCT = YES;
			};
			name = Release;
		};
		F83059F12B5A36BB00CD8A7F /* Debug */ = {
			isa = XCBuildConfiguration;
			buildSettings = {
				ASSETCATALOG_COMPILER_APPICON_NAME = AppIcon;
				ASSETCATALOG_COMPILER_GLOBAL_ACCENT_COLOR_NAME = AccentColor;
				CODE_SIGN_STYLE = Automatic;
				CURRENT_PROJECT_VERSION = 1;
				GENERATE_INFOPLIST_FILE = YES;
				INFOPLIST_FILE = Project8/Info.plist;
				INFOPLIST_KEY_UIApplicationSupportsIndirectInputEvents = YES;
				INFOPLIST_KEY_UILaunchStoryboardName = LaunchScreen;
				INFOPLIST_KEY_UIMainStoryboardFile = Main;
				INFOPLIST_KEY_UIStatusBarStyle = "";
				INFOPLIST_KEY_UISupportedInterfaceOrientations_iPad = "UIInterfaceOrientationPortrait UIInterfaceOrientationPortraitUpsideDown UIInterfaceOrientationLandscapeLeft UIInterfaceOrientationLandscapeRight";
				INFOPLIST_KEY_UISupportedInterfaceOrientations_iPhone = "UIInterfaceOrientationPortrait UIInterfaceOrientationLandscapeLeft UIInterfaceOrientationLandscapeRight";
				LD_RUNPATH_SEARCH_PATHS = (
					"$(inherited)",
					"@executable_path/Frameworks",
				);
				MARKETING_VERSION = 1.0;
				PRODUCT_BUNDLE_IDENTIFIER = com.hackingwithswift.Project8;
				PRODUCT_NAME = "$(TARGET_NAME)";
				SUPPORTED_PLATFORMS = "iphoneos iphonesimulator";
				SUPPORTS_MACCATALYST = NO;
				SUPPORTS_MAC_DESIGNED_FOR_IPHONE_IPAD = NO;
				SWIFT_EMIT_LOC_STRINGS = YES;
				SWIFT_VERSION = 5.0;
				TARGETED_DEVICE_FAMILY = 2;
			};
			name = Debug;
		};
		F83059F22B5A36BB00CD8A7F /* Release */ = {
			isa = XCBuildConfiguration;
			buildSettings = {
				ASSETCATALOG_COMPILER_APPICON_NAME = AppIcon;
				ASSETCATALOG_COMPILER_GLOBAL_ACCENT_COLOR_NAME = AccentColor;
				CODE_SIGN_STYLE = Automatic;
				CURRENT_PROJECT_VERSION = 1;
				GENERATE_INFOPLIST_FILE = YES;
				INFOPLIST_FILE = Project8/Info.plist;
				INFOPLIST_KEY_UIApplicationSupportsIndirectInputEvents = YES;
				INFOPLIST_KEY_UILaunchStoryboardName = LaunchScreen;
				INFOPLIST_KEY_UIMainStoryboardFile = Main;
				INFOPLIST_KEY_UIStatusBarStyle = "";
				INFOPLIST_KEY_UISupportedInterfaceOrientations_iPad = "UIInterfaceOrientationPortrait UIInterfaceOrientationPortraitUpsideDown UIInterfaceOrientationLandscapeLeft UIInterfaceOrientationLandscapeRight";
				INFOPLIST_KEY_UISupportedInterfaceOrientations_iPhone = "UIInterfaceOrientationPortrait UIInterfaceOrientationLandscapeLeft UIInterfaceOrientationLandscapeRight";
				LD_RUNPATH_SEARCH_PATHS = (
					"$(inherited)",
					"@executable_path/Frameworks",
				);
				MARKETING_VERSION = 1.0;
				PRODUCT_BUNDLE_IDENTIFIER = com.hackingwithswift.Project8;
				PRODUCT_NAME = "$(TARGET_NAME)";
				SUPPORTED_PLATFORMS = "iphoneos iphonesimulator";
				SUPPORTS_MACCATALYST = NO;
				SUPPORTS_MAC_DESIGNED_FOR_IPHONE_IPAD = NO;
				SWIFT_EMIT_LOC_STRINGS = YES;
				SWIFT_VERSION = 5.0;
				TARGETED_DEVICE_FAMILY = 2;
			};
			name = Release;
		};
/* End XCBuildConfiguration section */

/* Begin XCConfigurationList section */
		F83059D72B5A36BA00CD8A7F /* Build configuration list for PBXProject "Project8" */ = {
			isa = XCConfigurationList;
			buildConfigurations = (
				F83059EE2B5A36BB00CD8A7F /* Debug */,
				F83059EF2B5A36BB00CD8A7F /* Release */,
			);
			defaultConfigurationIsVisible = 0;
			defaultConfigurationName = Release;
		};
		F83059F02B5A36BB00CD8A7F /* Build configuration list for PBXNativeTarget "Project8" */ = {
			isa = XCConfigurationList;
			buildConfigurations = (
				F83059F12B5A36BB00CD8A7F /* Debug */,
				F83059F22B5A36BB00CD8A7F /* Release */,
			);
			defaultConfigurationIsVisible = 0;
			defaultConfigurationName = Release;
		};
/* End XCConfigurationList section */
	};
	rootObject = F83059D42B5A36BA00CD8A7F /* Project object */;
}
